// !$*UTF8*$!
{
	archiveVersion = 1;
	classes = {
	};
	objectVersion = 46;
	objects = {

/* Begin PBXBuildFile section */
		813B5FB1139649940004ACA1 /* UIKit.framework in Frameworks */ = {isa = PBXBuildFile; fileRef = 813B5FB0139649940004ACA1 /* UIKit.framework */; };
		813B5FB3139649940004ACA1 /* Foundation.framework in Frameworks */ = {isa = PBXBuildFile; fileRef = 813B5FB2139649940004ACA1 /* Foundation.framework */; };
		813B5FB5139649940004ACA1 /* CoreGraphics.framework in Frameworks */ = {isa = PBXBuildFile; fileRef = 813B5FB4139649940004ACA1 /* CoreGraphics.framework */; };
		813B5FBB139649940004ACA1 /* InfoPlist.strings in Resources */ = {isa = PBXBuildFile; fileRef = 813B5FB9139649940004ACA1 /* InfoPlist.strings */; };
		813B5FBE139649940004ACA1 /* main.m in Sources */ = {isa = PBXBuildFile; fileRef = 813B5FBD139649940004ACA1 /* main.m */; };
		813B5FC1139649940004ACA1 /* TestWebKitAppDelegate.m in Sources */ = {isa = PBXBuildFile; fileRef = 813B5FC0139649940004ACA1 /* TestWebKitAppDelegate.m */; };
		813B5FC4139649940004ACA1 /* MainWindow.xib in Resources */ = {isa = PBXBuildFile; fileRef = 813B5FC2139649940004ACA1 /* MainWindow.xib */; };
		813B5FC7139649940004ACA1 /* BMLibraryViewController.m in Sources */ = {isa = PBXBuildFile; fileRef = 813B5FC6139649940004ACA1 /* BMLibraryViewController.m */; };
		813B5FCA139649940004ACA1 /* BMLibraryViewController.xib in Resources */ = {isa = PBXBuildFile; fileRef = 813B5FC8139649940004ACA1 /* BMLibraryViewController.xib */; };
		813B62BC13964FEA0004ACA1 /* paginate.js in Sources */ = {isa = PBXBuildFile; fileRef = 813B62BB13964FEA0004ACA1 /* paginate.js */; };
		813B62BD13966E2A0004ACA1 /* paginate.js in Resources */ = {isa = PBXBuildFile; fileRef = 813B62BB13964FEA0004ACA1 /* paginate.js */; };
		813B62BF139670400004ACA1 /* paginate.css in Resources */ = {isa = PBXBuildFile; fileRef = 813B62BE139670400004ACA1 /* paginate.css */; };
		816404CD139E15C8000AC1DD /* Compatibility.m in Sources */ = {isa = PBXBuildFile; fileRef = 816404CC139E15C8000AC1DD /* Compatibility.m */; };
		816404DA139E4629000AC1DD /* JSONKit.m in Sources */ = {isa = PBXBuildFile; fileRef = 816404D9139E4629000AC1DD /* JSONKit.m */; };
		816404DE139E4AB8000AC1DD /* BMAnnotationController.m in Sources */ = {isa = PBXBuildFile; fileRef = 816404DC139E4AB7000AC1DD /* BMAnnotationController.m */; };
		816404DF139E4AB8000AC1DD /* BMAnnotationController.xib in Resources */ = {isa = PBXBuildFile; fileRef = 816404DD139E4AB8000AC1DD /* BMAnnotationController.xib */; };
		8195C2FE139CD23900AC4334 /* BMEpub.m in Sources */ = {isa = PBXBuildFile; fileRef = 8195C2FD139CD23900AC4334 /* BMEpub.m */; };
		8195C300139CD35D00AC4334 /* libz.dylib in Frameworks */ = {isa = PBXBuildFile; fileRef = 8195C2FF139CD35D00AC4334 /* libz.dylib */; };
		8195C303139CD41A00AC4334 /* ZipArchive.mm in Sources */ = {isa = PBXBuildFile; fileRef = 8195C302139CD41A00AC4334 /* ZipArchive.mm */; };
		8195C311139CD43300AC4334 /* ioapi.c in Sources */ = {isa = PBXBuildFile; fileRef = 8195C307139CD43300AC4334 /* ioapi.c */; };
		8195C313139CD43300AC4334 /* mztools.c in Sources */ = {isa = PBXBuildFile; fileRef = 8195C30A139CD43300AC4334 /* mztools.c */; };
		8195C314139CD43300AC4334 /* unzip.c in Sources */ = {isa = PBXBuildFile; fileRef = 8195C30C139CD43300AC4334 /* unzip.c */; };
		8195C315139CD43300AC4334 /* zip.c in Sources */ = {isa = PBXBuildFile; fileRef = 8195C30E139CD43300AC4334 /* zip.c */; };
		8195C319139CD46600AC4334 /* FileSystemUtilities.m in Sources */ = {isa = PBXBuildFile; fileRef = 8195C318139CD46600AC4334 /* FileSystemUtilities.m */; };
		8195C469139CDABB00AC4334 /* TFHpple.m in Sources */ = {isa = PBXBuildFile; fileRef = 8195C464139CDABB00AC4334 /* TFHpple.m */; };
		8195C46A139CDABB00AC4334 /* TFHppleElement.m in Sources */ = {isa = PBXBuildFile; fileRef = 8195C466139CDABB00AC4334 /* TFHppleElement.m */; };
		8195C46B139CDABB00AC4334 /* XPathQuery.m in Sources */ = {isa = PBXBuildFile; fileRef = 8195C468139CDABB00AC4334 /* XPathQuery.m */; };
		8195C47B139CE4D500AC4334 /* libxml2.dylib in Frameworks */ = {isa = PBXBuildFile; fileRef = 8195C47A139CE4D400AC4334 /* libxml2.dylib */; };
		8195C484139CECCB00AC4334 /* BMWebViewRenderer.m in Sources */ = {isa = PBXBuildFile; fileRef = 8195C483139CECCA00AC4334 /* BMWebViewRenderer.m */; };
		8195C4EA139CF82E00AC4334 /* BMReadController.m in Sources */ = {isa = PBXBuildFile; fileRef = 8195C4E9139CF82E00AC4334 /* BMReadController.m */; };
		8195C4EF139D022E00AC4334 /* BMRenderer.m in Sources */ = {isa = PBXBuildFile; fileRef = 8195C4EE139D022D00AC4334 /* BMRenderer.m */; };
		8195C4F5139D146600AC4334 /* TapDetectingWindow.m in Sources */ = {isa = PBXBuildFile; fileRef = 8195C4F4139D146300AC4334 /* TapDetectingWindow.m */; };
/* End PBXBuildFile section */

/* Begin PBXFileReference section */
		813B5FAC139649940004ACA1 /* TestWebKit.app */ = {isa = PBXFileReference; explicitFileType = wrapper.application; includeInIndex = 0; path = TestWebKit.app; sourceTree = BUILT_PRODUCTS_DIR; };
		813B5FB0139649940004ACA1 /* UIKit.framework */ = {isa = PBXFileReference; lastKnownFileType = wrapper.framework; name = UIKit.framework; path = System/Library/Frameworks/UIKit.framework; sourceTree = SDKROOT; };
		813B5FB2139649940004ACA1 /* Foundation.framework */ = {isa = PBXFileReference; lastKnownFileType = wrapper.framework; name = Foundation.framework; path = System/Library/Frameworks/Foundation.framework; sourceTree = SDKROOT; };
		813B5FB4139649940004ACA1 /* CoreGraphics.framework */ = {isa = PBXFileReference; lastKnownFileType = wrapper.framework; name = CoreGraphics.framework; path = System/Library/Frameworks/CoreGraphics.framework; sourceTree = SDKROOT; };
		813B5FB8139649940004ACA1 /* TestWebKit-Info.plist */ = {isa = PBXFileReference; lastKnownFileType = text.plist.xml; path = "TestWebKit-Info.plist"; sourceTree = "<group>"; };
		813B5FBA139649940004ACA1 /* en */ = {isa = PBXFileReference; lastKnownFileType = text.plist.strings; name = en; path = en.lproj/InfoPlist.strings; sourceTree = "<group>"; };
		813B5FBC139649940004ACA1 /* TestWebKit-Prefix.pch */ = {isa = PBXFileReference; lastKnownFileType = sourcecode.c.h; path = "TestWebKit-Prefix.pch"; sourceTree = "<group>"; };
		813B5FBD139649940004ACA1 /* main.m */ = {isa = PBXFileReference; lastKnownFileType = sourcecode.c.objc; path = main.m; sourceTree = "<group>"; };
		813B5FBF139649940004ACA1 /* TestWebKitAppDelegate.h */ = {isa = PBXFileReference; lastKnownFileType = sourcecode.c.h; path = TestWebKitAppDelegate.h; sourceTree = "<group>"; };
		813B5FC0139649940004ACA1 /* TestWebKitAppDelegate.m */ = {isa = PBXFileReference; lastKnownFileType = sourcecode.c.objc; path = TestWebKitAppDelegate.m; sourceTree = "<group>"; };
		813B5FC3139649940004ACA1 /* en */ = {isa = PBXFileReference; lastKnownFileType = file.xib; name = en; path = en.lproj/MainWindow.xib; sourceTree = "<group>"; };
		813B5FC5139649940004ACA1 /* BMLibraryViewController.h */ = {isa = PBXFileReference; lastKnownFileType = sourcecode.c.h; path = BMLibraryViewController.h; sourceTree = "<group>"; };
		813B5FC6139649940004ACA1 /* BMLibraryViewController.m */ = {isa = PBXFileReference; lastKnownFileType = sourcecode.c.objc; path = BMLibraryViewController.m; sourceTree = "<group>"; };
		813B5FC9139649940004ACA1 /* en */ = {isa = PBXFileReference; lastKnownFileType = file.xib; name = en; path = en.lproj/BMLibraryViewController.xib; sourceTree = "<group>"; };
		813B62BB13964FEA0004ACA1 /* paginate.js */ = {isa = PBXFileReference; fileEncoding = 4; lastKnownFileType = sourcecode.javascript; path = paginate.js; sourceTree = "<group>"; };
		813B62BE139670400004ACA1 /* paginate.css */ = {isa = PBXFileReference; fileEncoding = 4; lastKnownFileType = text.css; path = paginate.css; sourceTree = "<group>"; };
		816404CB139E15C8000AC1DD /* Compatibility.h */ = {isa = PBXFileReference; fileEncoding = 4; lastKnownFileType = sourcecode.c.h; name = Compatibility.h; path = Library/Compatibility.h; sourceTree = SOURCE_ROOT; };
		816404CC139E15C8000AC1DD /* Compatibility.m */ = {isa = PBXFileReference; fileEncoding = 4; lastKnownFileType = sourcecode.c.objc; name = Compatibility.m; path = Library/Compatibility.m; sourceTree = SOURCE_ROOT; };
		816404D8139E4629000AC1DD /* JSONKit.h */ = {isa = PBXFileReference; fileEncoding = 4; lastKnownFileType = sourcecode.c.h; name = JSONKit.h; path = Library/JSONKit/JSONKit.h; sourceTree = SOURCE_ROOT; };
		816404D9139E4629000AC1DD /* JSONKit.m */ = {isa = PBXFileReference; fileEncoding = 4; lastKnownFileType = sourcecode.c.objc; name = JSONKit.m; path = Library/JSONKit/JSONKit.m; sourceTree = SOURCE_ROOT; };
		816404DB139E4AB7000AC1DD /* BMAnnotationController.h */ = {isa = PBXFileReference; fileEncoding = 4; lastKnownFileType = sourcecode.c.h; path = BMAnnotationController.h; sourceTree = "<group>"; };
		816404DC139E4AB7000AC1DD /* BMAnnotationController.m */ = {isa = PBXFileReference; fileEncoding = 4; lastKnownFileType = sourcecode.c.objc; path = BMAnnotationController.m; sourceTree = "<group>"; };
		816404DD139E4AB8000AC1DD /* BMAnnotationController.xib */ = {isa = PBXFileReference; fileEncoding = 4; lastKnownFileType = file.xib; path = BMAnnotationController.xib; sourceTree = "<group>"; };
		8195C2FC139CD23900AC4334 /* BMEpub.h */ = {isa = PBXFileReference; fileEncoding = 4; lastKnownFileType = sourcecode.c.h; path = BMEpub.h; sourceTree = "<group>"; };
		8195C2FD139CD23900AC4334 /* BMEpub.m */ = {isa = PBXFileReference; fileEncoding = 4; lastKnownFileType = sourcecode.c.objc; path = BMEpub.m; sourceTree = "<group>"; };
		8195C2FF139CD35D00AC4334 /* libz.dylib */ = {isa = PBXFileReference; lastKnownFileType = "compiled.mach-o.dylib"; name = libz.dylib; path = usr/lib/libz.dylib; sourceTree = SDKROOT; };
		8195C301139CD41A00AC4334 /* ZipArchive.h */ = {isa = PBXFileReference; fileEncoding = 4; lastKnownFileType = sourcecode.c.h; name = ZipArchive.h; path = Library/ziparchive/ZipArchive.h; sourceTree = SOURCE_ROOT; };
		8195C302139CD41A00AC4334 /* ZipArchive.mm */ = {isa = PBXFileReference; fileEncoding = 4; lastKnownFileType = sourcecode.cpp.objcpp; name = ZipArchive.mm; path = Library/ziparchive/ZipArchive.mm; sourceTree = SOURCE_ROOT; };
		8195C306139CD43300AC4334 /* crypt.h */ = {isa = PBXFileReference; fileEncoding = 4; lastKnownFileType = sourcecode.c.h; name = crypt.h; path = Library/ziparchive/minizip/crypt.h; sourceTree = SOURCE_ROOT; };
		8195C307139CD43300AC4334 /* ioapi.c */ = {isa = PBXFileReference; fileEncoding = 4; lastKnownFileType = sourcecode.c.c; name = ioapi.c; path = Library/ziparchive/minizip/ioapi.c; sourceTree = SOURCE_ROOT; };
		8195C308139CD43300AC4334 /* ioapi.h */ = {isa = PBXFileReference; fileEncoding = 4; lastKnownFileType = sourcecode.c.h; name = ioapi.h; path = Library/ziparchive/minizip/ioapi.h; sourceTree = SOURCE_ROOT; };
		8195C30A139CD43300AC4334 /* mztools.c */ = {isa = PBXFileReference; fileEncoding = 4; lastKnownFileType = sourcecode.c.c; name = mztools.c; path = Library/ziparchive/minizip/mztools.c; sourceTree = SOURCE_ROOT; };
		8195C30B139CD43300AC4334 /* mztools.h */ = {isa = PBXFileReference; fileEncoding = 4; lastKnownFileType = sourcecode.c.h; name = mztools.h; path = Library/ziparchive/minizip/mztools.h; sourceTree = SOURCE_ROOT; };
		8195C30C139CD43300AC4334 /* unzip.c */ = {isa = PBXFileReference; fileEncoding = 4; lastKnownFileType = sourcecode.c.c; name = unzip.c; path = Library/ziparchive/minizip/unzip.c; sourceTree = SOURCE_ROOT; };
		8195C30D139CD43300AC4334 /* unzip.h */ = {isa = PBXFileReference; fileEncoding = 4; lastKnownFileType = sourcecode.c.h; name = unzip.h; path = Library/ziparchive/minizip/unzip.h; sourceTree = SOURCE_ROOT; };
		8195C30E139CD43300AC4334 /* zip.c */ = {isa = PBXFileReference; fileEncoding = 4; lastKnownFileType = sourcecode.c.c; name = zip.c; path = Library/ziparchive/minizip/zip.c; sourceTree = SOURCE_ROOT; };
		8195C30F139CD43300AC4334 /* zip.h */ = {isa = PBXFileReference; fileEncoding = 4; lastKnownFileType = sourcecode.c.h; name = zip.h; path = Library/ziparchive/minizip/zip.h; sourceTree = SOURCE_ROOT; };
		8195C317139CD46600AC4334 /* FileSystemUtilities.h */ = {isa = PBXFileReference; fileEncoding = 4; lastKnownFileType = sourcecode.c.h; name = FileSystemUtilities.h; path = Library/FileSystemUtilities.h; sourceTree = SOURCE_ROOT; };
		8195C318139CD46600AC4334 /* FileSystemUtilities.m */ = {isa = PBXFileReference; fileEncoding = 4; lastKnownFileType = sourcecode.c.objc; name = FileSystemUtilities.m; path = Library/FileSystemUtilities.m; sourceTree = SOURCE_ROOT; };
		8195C463139CDABB00AC4334 /* TFHpple.h */ = {isa = PBXFileReference; fileEncoding = 4; lastKnownFileType = sourcecode.c.h; name = TFHpple.h; path = Library/hpple/TFHpple.h; sourceTree = SOURCE_ROOT; };
		8195C464139CDABB00AC4334 /* TFHpple.m */ = {isa = PBXFileReference; fileEncoding = 4; lastKnownFileType = sourcecode.c.objc; name = TFHpple.m; path = Library/hpple/TFHpple.m; sourceTree = SOURCE_ROOT; };
		8195C465139CDABB00AC4334 /* TFHppleElement.h */ = {isa = PBXFileReference; fileEncoding = 4; lastKnownFileType = sourcecode.c.h; name = TFHppleElement.h; path = Library/hpple/TFHppleElement.h; sourceTree = SOURCE_ROOT; };
		8195C466139CDABB00AC4334 /* TFHppleElement.m */ = {isa = PBXFileReference; fileEncoding = 4; lastKnownFileType = sourcecode.c.objc; name = TFHppleElement.m; path = Library/hpple/TFHppleElement.m; sourceTree = SOURCE_ROOT; };
		8195C467139CDABB00AC4334 /* XPathQuery.h */ = {isa = PBXFileReference; fileEncoding = 4; lastKnownFileType = sourcecode.c.h; name = XPathQuery.h; path = Library/hpple/XPathQuery.h; sourceTree = SOURCE_ROOT; };
		8195C468139CDABB00AC4334 /* XPathQuery.m */ = {isa = PBXFileReference; fileEncoding = 4; lastKnownFileType = sourcecode.c.objc; name = XPathQuery.m; path = Library/hpple/XPathQuery.m; sourceTree = SOURCE_ROOT; };
		8195C47A139CE4D400AC4334 /* libxml2.dylib */ = {isa = PBXFileReference; lastKnownFileType = "compiled.mach-o.dylib"; name = libxml2.dylib; path = usr/lib/libxml2.dylib; sourceTree = SDKROOT; };
		8195C482139CECCA00AC4334 /* BMWebViewRenderer.h */ = {isa = PBXFileReference; fileEncoding = 4; lastKnownFileType = sourcecode.c.h; path = BMWebViewRenderer.h; sourceTree = "<group>"; };
		8195C483139CECCA00AC4334 /* BMWebViewRenderer.m */ = {isa = PBXFileReference; fileEncoding = 4; lastKnownFileType = sourcecode.c.objc; path = BMWebViewRenderer.m; sourceTree = "<group>"; };
		8195C4E8139CF82E00AC4334 /* BMReadController.h */ = {isa = PBXFileReference; fileEncoding = 4; lastKnownFileType = sourcecode.c.h; path = BMReadController.h; sourceTree = "<group>"; };
		8195C4E9139CF82E00AC4334 /* BMReadController.m */ = {isa = PBXFileReference; fileEncoding = 4; lastKnownFileType = sourcecode.c.objc; path = BMReadController.m; sourceTree = "<group>"; };
		8195C4ED139CF95E00AC4334 /* BMRenderer.h */ = {isa = PBXFileReference; fileEncoding = 4; lastKnownFileType = sourcecode.c.h; path = BMRenderer.h; sourceTree = "<group>"; };
		8195C4EE139D022D00AC4334 /* BMRenderer.m */ = {isa = PBXFileReference; fileEncoding = 4; lastKnownFileType = sourcecode.c.objc; path = BMRenderer.m; sourceTree = "<group>"; };
		8195C4F3139D146200AC4334 /* TapDetectingWindow.h */ = {isa = PBXFileReference; fileEncoding = 4; lastKnownFileType = sourcecode.c.h; path = TapDetectingWindow.h; sourceTree = "<group>"; };
		8195C4F4139D146300AC4334 /* TapDetectingWindow.m */ = {isa = PBXFileReference; fileEncoding = 4; lastKnownFileType = sourcecode.c.objc; path = TapDetectingWindow.m; sourceTree = "<group>"; };
/* End PBXFileReference section */

/* Begin PBXFrameworksBuildPhase section */
		813B5FA9139649940004ACA1 /* Frameworks */ = {
			isa = PBXFrameworksBuildPhase;
			buildActionMask = 2147483647;
			files = (
				8195C47B139CE4D500AC4334 /* libxml2.dylib in Frameworks */,
				8195C300139CD35D00AC4334 /* libz.dylib in Frameworks */,
				813B5FB1139649940004ACA1 /* UIKit.framework in Frameworks */,
				813B5FB3139649940004ACA1 /* Foundation.framework in Frameworks */,
				813B5FB5139649940004ACA1 /* CoreGraphics.framework in Frameworks */,
			);
			runOnlyForDeploymentPostprocessing = 0;
		};
/* End PBXFrameworksBuildPhase section */

/* Begin PBXGroup section */
		813B5FA1139649930004ACA1 = {
			isa = PBXGroup;
			children = (
				813B5FB6139649940004ACA1 /* TestWebKit */,
				813B5FAF139649940004ACA1 /* Frameworks */,
				813B5FAD139649940004ACA1 /* Products */,
			);
			sourceTree = "<group>";
		};
		813B5FAD139649940004ACA1 /* Products */ = {
			isa = PBXGroup;
			children = (
				813B5FAC139649940004ACA1 /* TestWebKit.app */,
			);
			name = Products;
			sourceTree = "<group>";
		};
		813B5FAF139649940004ACA1 /* Frameworks */ = {
			isa = PBXGroup;
			children = (
				813B5FB0139649940004ACA1 /* UIKit.framework */,
				813B5FB2139649940004ACA1 /* Foundation.framework */,
				813B5FB4139649940004ACA1 /* CoreGraphics.framework */,
			);
			name = Frameworks;
			sourceTree = "<group>";
		};
		813B5FB6139649940004ACA1 /* TestWebKit */ = {
			isa = PBXGroup;
			children = (
				8195C316139CD44700AC4334 /* Library */,
				813B5FBF139649940004ACA1 /* TestWebKitAppDelegate.h */,
				813B5FC0139649940004ACA1 /* TestWebKitAppDelegate.m */,
				813B5FC5139649940004ACA1 /* BMLibraryViewController.h */,
				813B5FC6139649940004ACA1 /* BMLibraryViewController.m */,
				8195C2FC139CD23900AC4334 /* BMEpub.h */,
				8195C2FD139CD23900AC4334 /* BMEpub.m */,
				8195C482139CECCA00AC4334 /* BMWebViewRenderer.h */,
				8195C483139CECCA00AC4334 /* BMWebViewRenderer.m */,
				8195C4E8139CF82E00AC4334 /* BMReadController.h */,
				8195C4E9139CF82E00AC4334 /* BMReadController.m */,
				813B5FB7139649940004ACA1 /* Supporting Files */,
				8195C4ED139CF95E00AC4334 /* BMRenderer.h */,
				8195C4EE139D022D00AC4334 /* BMRenderer.m */,
				8195C4F3139D146200AC4334 /* TapDetectingWindow.h */,
				8195C4F4139D146300AC4334 /* TapDetectingWindow.m */,
				816404DB139E4AB7000AC1DD /* BMAnnotationController.h */,
				816404DC139E4AB7000AC1DD /* BMAnnotationController.m */,
			);
			path = TestWebKit;
			sourceTree = "<group>";
		};
		813B5FB7139649940004ACA1 /* Supporting Files */ = {
			isa = PBXGroup;
			children = (
				813B5FC2139649940004ACA1 /* MainWindow.xib */,
				813B5FC8139649940004ACA1 /* BMLibraryViewController.xib */,
				816404DD139E4AB8000AC1DD /* BMAnnotationController.xib */,
				813B62BE139670400004ACA1 /* paginate.css */,
				813B62BB13964FEA0004ACA1 /* paginate.js */,
				813B5FB8139649940004ACA1 /* TestWebKit-Info.plist */,
				813B5FB9139649940004ACA1 /* InfoPlist.strings */,
				813B5FBC139649940004ACA1 /* TestWebKit-Prefix.pch */,
				813B5FBD139649940004ACA1 /* main.m */,
			);
			name = "Supporting Files";
			sourceTree = "<group>";
		};
		8195C2E6139CD13100AC4334 /* ziparchive */ = {
			isa = PBXGroup;
			children = (
				8195C304139CD42000AC4334 /* minizip */,
				8195C301139CD41A00AC4334 /* ZipArchive.h */,
				8195C302139CD41A00AC4334 /* ZipArchive.mm */,
			);
			name = ziparchive;
			sourceTree = "<group>";
		};
		8195C304139CD42000AC4334 /* minizip */ = {
			isa = PBXGroup;
			children = (
				8195C306139CD43300AC4334 /* crypt.h */,
				8195C307139CD43300AC4334 /* ioapi.c */,
				8195C308139CD43300AC4334 /* ioapi.h */,
				8195C30A139CD43300AC4334 /* mztools.c */,
				8195C30B139CD43300AC4334 /* mztools.h */,
				8195C30C139CD43300AC4334 /* unzip.c */,
				8195C30D139CD43300AC4334 /* unzip.h */,
				8195C30E139CD43300AC4334 /* zip.c */,
				8195C30F139CD43300AC4334 /* zip.h */,
			);
			name = minizip;
			sourceTree = "<group>";
		};
		8195C316139CD44700AC4334 /* Library */ = {
			isa = PBXGroup;
			children = (
				816404D8139E4629000AC1DD /* JSONKit.h */,
				816404D9139E4629000AC1DD /* JSONKit.m */,
				816404CB139E15C8000AC1DD /* Compatibility.h */,
				816404CC139E15C8000AC1DD /* Compatibility.m */,
				8195C462139CDA9000AC4334 /* hpple */,
				8195C317139CD46600AC4334 /* FileSystemUtilities.h */,
				8195C318139CD46600AC4334 /* FileSystemUtilities.m */,
				8195C2E6139CD13100AC4334 /* ziparchive */,
				8195C2FF139CD35D00AC4334 /* libz.dylib */,
				8195C47A139CE4D400AC4334 /* libxml2.dylib */,
			);
			name = Library;
			sourceTree = "<group>";
		};
		8195C462139CDA9000AC4334 /* hpple */ = {
			isa = PBXGroup;
			children = (
				8195C463139CDABB00AC4334 /* TFHpple.h */,
				8195C464139CDABB00AC4334 /* TFHpple.m */,
				8195C465139CDABB00AC4334 /* TFHppleElement.h */,
				8195C466139CDABB00AC4334 /* TFHppleElement.m */,
				8195C467139CDABB00AC4334 /* XPathQuery.h */,
				8195C468139CDABB00AC4334 /* XPathQuery.m */,
			);
			name = hpple;
			sourceTree = "<group>";
		};
/* End PBXGroup section */

/* Begin PBXNativeTarget section */
		813B5FAB139649940004ACA1 /* TestWebKit */ = {
			isa = PBXNativeTarget;
			buildConfigurationList = 813B5FCD139649940004ACA1 /* Build configuration list for PBXNativeTarget "TestWebKit" */;
			buildPhases = (
				813B5FA8139649940004ACA1 /* Sources */,
				813B5FA9139649940004ACA1 /* Frameworks */,
				813B5FAA139649940004ACA1 /* Resources */,
			);
			buildRules = (
			);
			dependencies = (
			);
			name = TestWebKit;
			productName = TestWebKit;
			productReference = 813B5FAC139649940004ACA1 /* TestWebKit.app */;
			productType = "com.apple.product-type.application";
		};
/* End PBXNativeTarget section */

/* Begin PBXProject section */
		813B5FA3139649930004ACA1 /* Project object */ = {
			isa = PBXProject;
			attributes = {
				ORGANIZATIONNAME = none;
			};
			buildConfigurationList = 813B5FA6139649930004ACA1 /* Build configuration list for PBXProject "TestWebKit" */;
			compatibilityVersion = "Xcode 3.2";
			developmentRegion = English;
			hasScannedForEncodings = 0;
			knownRegions = (
				en,
			);
			mainGroup = 813B5FA1139649930004ACA1;
			productRefGroup = 813B5FAD139649940004ACA1 /* Products */;
			projectDirPath = "";
			projectRoot = "";
			targets = (
				813B5FAB139649940004ACA1 /* TestWebKit */,
			);
		};
/* End PBXProject section */

/* Begin PBXResourcesBuildPhase section */
		813B5FAA139649940004ACA1 /* Resources */ = {
			isa = PBXResourcesBuildPhase;
			buildActionMask = 2147483647;
			files = (
				813B62BD13966E2A0004ACA1 /* paginate.js in Resources */,
				813B62BF139670400004ACA1 /* paginate.css in Resources */,
				813B5FBB139649940004ACA1 /* InfoPlist.strings in Resources */,
				813B5FC4139649940004ACA1 /* MainWindow.xib in Resources */,
				813B5FCA139649940004ACA1 /* BMLibraryViewController.xib in Resources */,
				816404DF139E4AB8000AC1DD /* BMAnnotationController.xib in Resources */,
			);
			runOnlyForDeploymentPostprocessing = 0;
		};
/* End PBXResourcesBuildPhase section */

/* Begin PBXSourcesBuildPhase section */
		813B5FA8139649940004ACA1 /* Sources */ = {
			isa = PBXSourcesBuildPhase;
			buildActionMask = 2147483647;
			files = (
				813B5FBE139649940004ACA1 /* main.m in Sources */,
				813B5FC1139649940004ACA1 /* TestWebKitAppDelegate.m in Sources */,
				813B5FC7139649940004ACA1 /* BMLibraryViewController.m in Sources */,
				813B62BC13964FEA0004ACA1 /* paginate.js in Sources */,
				8195C2FE139CD23900AC4334 /* BMEpub.m in Sources */,
				8195C303139CD41A00AC4334 /* ZipArchive.mm in Sources */,
				8195C311139CD43300AC4334 /* ioapi.c in Sources */,
				8195C313139CD43300AC4334 /* mztools.c in Sources */,
				8195C314139CD43300AC4334 /* unzip.c in Sources */,
				8195C315139CD43300AC4334 /* zip.c in Sources */,
				8195C319139CD46600AC4334 /* FileSystemUtilities.m in Sources */,
				8195C469139CDABB00AC4334 /* TFHpple.m in Sources */,
				8195C46A139CDABB00AC4334 /* TFHppleElement.m in Sources */,
				8195C46B139CDABB00AC4334 /* XPathQuery.m in Sources */,
				8195C484139CECCB00AC4334 /* BMWebViewRenderer.m in Sources */,
				8195C4EA139CF82E00AC4334 /* BMReadController.m in Sources */,
				8195C4EF139D022E00AC4334 /* BMRenderer.m in Sources */,
				8195C4F5139D146600AC4334 /* TapDetectingWindow.m in Sources */,
				816404CD139E15C8000AC1DD /* Compatibility.m in Sources */,
				816404DA139E4629000AC1DD /* JSONKit.m in Sources */,
				816404DE139E4AB8000AC1DD /* BMAnnotationController.m in Sources */,
			);
			runOnlyForDeploymentPostprocessing = 0;
		};
/* End PBXSourcesBuildPhase section */

/* Begin PBXVariantGroup section */
		813B5FB9139649940004ACA1 /* InfoPlist.strings */ = {
			isa = PBXVariantGroup;
			children = (
				813B5FBA139649940004ACA1 /* en */,
			);
			name = InfoPlist.strings;
			sourceTree = "<group>";
		};
		813B5FC2139649940004ACA1 /* MainWindow.xib */ = {
			isa = PBXVariantGroup;
			children = (
				813B5FC3139649940004ACA1 /* en */,
			);
			name = MainWindow.xib;
			sourceTree = "<group>";
		};
		813B5FC8139649940004ACA1 /* BMLibraryViewController.xib */ = {
			isa = PBXVariantGroup;
			children = (
				813B5FC9139649940004ACA1 /* en */,
			);
			name = BMLibraryViewController.xib;
			sourceTree = "<group>";
		};
/* End PBXVariantGroup section */

/* Begin XCBuildConfiguration section */
		813B5FCB139649940004ACA1 /* Debug */ = {
			isa = XCBuildConfiguration;
			buildSettings = {
				ARCHS = "$(ARCHS_UNIVERSAL_IPHONE_OS)";
				"CODE_SIGN_IDENTITY[sdk=iphoneos*]" = "iPhone Developer";
				GCC_C_LANGUAGE_STANDARD = gnu99;
				GCC_OPTIMIZATION_LEVEL = 0;
				GCC_PREPROCESSOR_DEFINITIONS = DEBUG;
				GCC_SYMBOLS_PRIVATE_EXTERN = NO;
				GCC_VERSION = com.apple.compilers.llvmgcc42;
				GCC_WARN_ABOUT_RETURN_TYPE = YES;
				GCC_WARN_UNUSED_VARIABLE = YES;
				HEADER_SEARCH_PATHS = "/usr/include/libxml2/**";
				IPHONEOS_DEPLOYMENT_TARGET = 4.3;
				SDKROOT = iphoneos;
				TARGETED_DEVICE_FAMILY = 2;
			};
			name = Debug;
		};
		813B5FCC139649940004ACA1 /* Release */ = {
			isa = XCBuildConfiguration;
			buildSettings = {
				ARCHS = "$(ARCHS_UNIVERSAL_IPHONE_OS)";
				"CODE_SIGN_IDENTITY[sdk=iphoneos*]" = "iPhone Developer";
				GCC_C_LANGUAGE_STANDARD = gnu99;
				GCC_VERSION = com.apple.compilers.llvmgcc42;
				GCC_WARN_ABOUT_RETURN_TYPE = YES;
				GCC_WARN_UNUSED_VARIABLE = YES;
				HEADER_SEARCH_PATHS = "/usr/include/libxml2/**";
				IPHONEOS_DEPLOYMENT_TARGET = 4.3;
				OTHER_CFLAGS = "-DNS_BLOCK_ASSERTIONS=1";
				SDKROOT = iphoneos;
				TARGETED_DEVICE_FAMILY = 2;
			};
			name = Release;
		};
		813B5FCE139649940004ACA1 /* Debug */ = {
			isa = XCBuildConfiguration;
			buildSettings = {
				ALWAYS_SEARCH_USER_PATHS = NO;
				COPY_PHASE_STRIP = NO;
				GCC_DYNAMIC_NO_PIC = NO;
				GCC_PRECOMPILE_PREFIX_HEADER = YES;
				GCC_PREFIX_HEADER = "TestWebKit/TestWebKit-Prefix.pch";
				INFOPLIST_FILE = "TestWebKit/TestWebKit-Info.plist";
				PRODUCT_NAME = "$(TARGET_NAME)";
				TARGETED_DEVICE_FAMILY = "1,2";
				WRAPPER_EXTENSION = app;
			};
			name = Debug;
		};
		813B5FCF139649940004ACA1 /* Release */ = {
			isa = XCBuildConfiguration;
			buildSettings = {
				ALWAYS_SEARCH_USER_PATHS = NO;
				COPY_PHASE_STRIP = YES;
				GCC_PRECOMPILE_PREFIX_HEADER = YES;
				GCC_PREFIX_HEADER = "TestWebKit/TestWebKit-Prefix.pch";
				INFOPLIST_FILE = "TestWebKit/TestWebKit-Info.plist";
				PRODUCT_NAME = "$(TARGET_NAME)";
				TARGETED_DEVICE_FAMILY = "1,2";
				VALIDATE_PRODUCT = YES;
				WRAPPER_EXTENSION = app;
			};
			name = Release;
		};
/* End XCBuildConfiguration section */

/* Begin XCConfigurationList section */
		813B5FA6139649930004ACA1 /* Build configuration list for PBXProject "TestWebKit" */ = {
			isa = XCConfigurationList;
			buildConfigurations = (
				813B5FCB139649940004ACA1 /* Debug */,
				813B5FCC139649940004ACA1 /* Release */,
			);
			defaultConfigurationIsVisible = 0;
			defaultConfigurationName = Release;
		};
		813B5FCD139649940004ACA1 /* Build configuration list for PBXNativeTarget "TestWebKit" */ = {
			isa = XCConfigurationList;
			buildConfigurations = (
				813B5FCE139649940004ACA1 /* Debug */,
				813B5FCF139649940004ACA1 /* Release */,
			);
			defaultConfigurationIsVisible = 0;
			defaultConfigurationName = Release;
		};
/* End XCConfigurationList section */
	};
	rootObject = 813B5FA3139649930004ACA1 /* Project object */;
}
